# This file is automatically @generated by Cargo.
# It is not intended for manual editing.
version = 3

[[package]]
name = "better_term"
version = "1.0.4"
source = "registry+https://github.com/rust-lang/crates.io-index"
checksum = "44b34d99d7b4d3e42008a16d0de429e9ce662353277321897e50e3549de12c29"

[[package]]
name = "boulder"
version = "0.1.0"
dependencies = [
 "better_term",
 "cli_tree",
]

[[package]]
name = "cli_tree"
version = "1.0.0"
source = "registry+https://github.com/rust-lang/crates.io-index"
checksum = "2ce6c29371f8be2766c21701af826b1a8c1352fcc20eec08777c226d2dbbeea1"
