# This file is automatically @generated by Cargo.
# It is not intended for manual editing.
version = 3

[[package]]
name = "better_term"
version = "1.0.4"
source = "registry+https://github.com/rust-lang/crates.io-index"
checksum = "44b34d99d7b4d3e42008a16d0de429e9ce662353277321897e50e3549de12c29"

[[package]]
name = "boulder"
version = "0.1.0"
dependencies = [
 "better_term",
]
