# This file is automatically @generated by Cargo.
# It is not intended for manual editing.
version = 3

[[package]]
name = "better_term"
version = "1.0.3"
source = "registry+https://github.com/rust-lang/crates.io-index"
checksum = "75f59221a72a66a211b6d217c2e21f6af660d1cbd187ed9e9f4d249730424aea"

[[package]]
name = "boulder"
version = "0.1.0"
dependencies = [
 "better_term",
]
